
Microsoft Visual Studio Solution File, Format Version 12.00
# Visual Studio Version 17
VisualStudioVersion = 17.1.32319.34
MinimumVisualStudioVersion = 10.0.40219.1
Project("{9A19103F-16F7-4668-BE54-9A1E7A4F7556}") = "TaskMonitoring.Cards", "TaskMonitoring\TaskMonitoring.Cards.csproj", "{10EDE8C7-E2BE-409F-AD4C-C63DBF6935D6}"
EndProject
Project("{9A19103F-16F7-4668-BE54-9A1E7A4F7556}") = "TaskMonitoring.Cards.UnitTests", "TaskMonitoring.Cards.UnitTests\TaskMonitoring.Cards.UnitTests.csproj", "{86D6A373-52A9-48A2-9FB7-2857194263CB}"
EndProject
Project("{9A19103F-16F7-4668-BE54-9A1E7A4F7556}") = "TaskMonitoring.Cards.BL.Interface", "TaskMonitoring.Cards.BL.Interface\TaskMonitoring.Cards.BL.Interface.csproj", "{D2D8AC72-2D6F-41CB-892E-8C995428DC01}"
EndProject
Project("{9A19103F-16F7-4668-BE54-9A1E7A4F7556}") = "TaskMonitoring.Cards.BL", "TaskMonitoring.Cards.BL\TaskMonitoring.Cards.BL.csproj", "{DA5D17C3-09CE-4337-A949-FFE3C845AAF3}"
EndProject
Project("{9A19103F-16F7-4668-BE54-9A1E7A4F7556}") = "TaskMonitoring.Cards.DataAccess.Interface", "TaskMonitoring.Cards.DataAccess.Interface\TaskMonitoring.Cards.DataAccess.Interface.csproj", "{3F16D0D6-CC0A-4796-8655-E5C66EBB547B}"
EndProject
Project("{9A19103F-16F7-4668-BE54-9A1E7A4F7556}") = "TaskMonitoring.Cards.DataAccess", "TaskMonitoring.Cards.DataAccess\TaskMonitoring.Cards.DataAccess.csproj", "{1C88D8D0-48EC-4590-B487-4A4A71229548}"
EndProject
Project("{9A19103F-16F7-4668-BE54-9A1E7A4F7556}") = "TaskMonitoring.Bootsrap", "TaskMonitoring.Bootsrap\TaskMonitoring.Bootsrap.csproj", "{6050B831-4F78-43FC-AC50-7106D695451B}"
EndProject
Project("{9A19103F-16F7-4668-BE54-9A1E7A4F7556}") = "TaskMonitoring.Utilities", "TaskMonitoring.Utils\TaskMonitoring.Utilities.csproj", "{2B3B5572-ECD8-4E40-B245-684C7B0BEE24}"
EndProject
Project("{9A19103F-16F7-4668-BE54-9A1E7A4F7556}") = "TaskMonitoring.IntegrationalTests", "TaskMonitoring.IntegrationalTests\TaskMonitoring.IntegrationalTests.csproj", "{9480719A-A134-478D-B33C-7DE6395F5A71}"
EndProject
Project("{2150E333-8FDC-42A3-9474-1A3956D46DE8}") = "Task microservice", "Task microservice", "{C5615AD5-A611-460F-AF19-95596035B7FA}"
EndProject
Project("{2150E333-8FDC-42A3-9474-1A3956D46DE8}") = "User microservice", "User microservice", "{C28CAF73-CBBB-4E89-ABB7-F73286B94196}"
EndProject
Project("{9A19103F-16F7-4668-BE54-9A1E7A4F7556}") = "TaskMonitoring.Users.BL", "Users microservice\TaskMonitoring.Users.BL\TaskMonitoring.Users.BL.csproj", "{69FF2629-33EB-4A34-BF74-20E3753F3209}"
EndProject
Project("{9A19103F-16F7-4668-BE54-9A1E7A4F7556}") = "TaskMonitoring.Users.BL.Interface", "Users microservice\TaskMonitoring.Users.BL.Interface\TaskMonitoring.Users.BL.Interface.csproj", "{3EB9CAB2-38F3-4359-8A77-18DF31520BDD}"
EndProject
Project("{9A19103F-16F7-4668-BE54-9A1E7A4F7556}") = "TaskMonitoring.Users.DataAccess.Interface", "Users microservice\TaskMonitoring.Users.DataAccess.Interface\TaskMonitoring.Users.DataAccess.Interface.csproj", "{D6B1CFAD-6800-4A4D-AEE8-6723D5719761}"
EndProject
Project("{9A19103F-16F7-4668-BE54-9A1E7A4F7556}") = "TaskMonitoring.Users.DataAccess", "Users microservice\TaskMonitoring.Users.DataAccess\TaskMonitoring.Users.DataAccess.csproj", "{CE9F9EDF-CD77-497C-ADFE-A1B7945ADD09}"
EndProject
Project("{9A19103F-16F7-4668-BE54-9A1E7A4F7556}") = "TaskMonitoring.Users.UnitTests", "Users microservice\TaskMonitoring.Users.UnitTests\TaskMonitoring.Users.UnitTests.csproj", "{4989D71C-C27E-4A3C-AB62-A2833B5A0F47}"
EndProject
Project("{2150E333-8FDC-42A3-9474-1A3956D46DE8}") = "Common", "Common", "{E9BCD641-D8F9-4C08-B6F8-7A8F2435EF52}"
EndProject
Project("{9A19103F-16F7-4668-BE54-9A1E7A4F7556}") = "TaskMonitoring.Users", "TaskMonitoring.Users\TaskMonitoring.Users.csproj", "{40744E56-4093-4110-95AD-CB4A5AF1E498}"
EndProject
Project("{FAE04EC0-301F-11D3-BF4B-00C04F79EFBC}") = "TaskMonitoring.APIClients.Users.Interfaces", "TaskMonitoring.APIClients.Users.Interfaces\TaskMonitoring.APIClients.Users.Interfaces.csproj", "{2DECB422-76C6-4F05-9866-9E04E0B2A295}"
EndProject
Global
	GlobalSection(SolutionConfigurationPlatforms) = preSolution
		Debug|Any CPU = Debug|Any CPU
		Release|Any CPU = Release|Any CPU
	EndGlobalSection
	GlobalSection(ProjectConfigurationPlatforms) = postSolution
		{10EDE8C7-E2BE-409F-AD4C-C63DBF6935D6}.Debug|Any CPU.ActiveCfg = Debug|Any CPU
		{10EDE8C7-E2BE-409F-AD4C-C63DBF6935D6}.Debug|Any CPU.Build.0 = Debug|Any CPU
		{10EDE8C7-E2BE-409F-AD4C-C63DBF6935D6}.Release|Any CPU.ActiveCfg = Release|Any CPU
		{10EDE8C7-E2BE-409F-AD4C-C63DBF6935D6}.Release|Any CPU.Build.0 = Release|Any CPU
		{86D6A373-52A9-48A2-9FB7-2857194263CB}.Debug|Any CPU.ActiveCfg = Debug|Any CPU
		{86D6A373-52A9-48A2-9FB7-2857194263CB}.Debug|Any CPU.Build.0 = Debug|Any CPU
		{86D6A373-52A9-48A2-9FB7-2857194263CB}.Release|Any CPU.ActiveCfg = Release|Any CPU
		{86D6A373-52A9-48A2-9FB7-2857194263CB}.Release|Any CPU.Build.0 = Release|Any CPU
		{D2D8AC72-2D6F-41CB-892E-8C995428DC01}.Debug|Any CPU.ActiveCfg = Debug|Any CPU
		{D2D8AC72-2D6F-41CB-892E-8C995428DC01}.Debug|Any CPU.Build.0 = Debug|Any CPU
		{D2D8AC72-2D6F-41CB-892E-8C995428DC01}.Release|Any CPU.ActiveCfg = Release|Any CPU
		{D2D8AC72-2D6F-41CB-892E-8C995428DC01}.Release|Any CPU.Build.0 = Release|Any CPU
		{DA5D17C3-09CE-4337-A949-FFE3C845AAF3}.Debug|Any CPU.ActiveCfg = Debug|Any CPU
		{DA5D17C3-09CE-4337-A949-FFE3C845AAF3}.Debug|Any CPU.Build.0 = Debug|Any CPU
		{DA5D17C3-09CE-4337-A949-FFE3C845AAF3}.Release|Any CPU.ActiveCfg = Release|Any CPU
		{DA5D17C3-09CE-4337-A949-FFE3C845AAF3}.Release|Any CPU.Build.0 = Release|Any CPU
		{3F16D0D6-CC0A-4796-8655-E5C66EBB547B}.Debug|Any CPU.ActiveCfg = Debug|Any CPU
		{3F16D0D6-CC0A-4796-8655-E5C66EBB547B}.Debug|Any CPU.Build.0 = Debug|Any CPU
		{3F16D0D6-CC0A-4796-8655-E5C66EBB547B}.Release|Any CPU.ActiveCfg = Release|Any CPU
		{3F16D0D6-CC0A-4796-8655-E5C66EBB547B}.Release|Any CPU.Build.0 = Release|Any CPU
		{1C88D8D0-48EC-4590-B487-4A4A71229548}.Debug|Any CPU.ActiveCfg = Debug|Any CPU
		{1C88D8D0-48EC-4590-B487-4A4A71229548}.Debug|Any CPU.Build.0 = Debug|Any CPU
		{1C88D8D0-48EC-4590-B487-4A4A71229548}.Release|Any CPU.ActiveCfg = Release|Any CPU
		{1C88D8D0-48EC-4590-B487-4A4A71229548}.Release|Any CPU.Build.0 = Release|Any CPU
		{6050B831-4F78-43FC-AC50-7106D695451B}.Debug|Any CPU.ActiveCfg = Debug|Any CPU
		{6050B831-4F78-43FC-AC50-7106D695451B}.Debug|Any CPU.Build.0 = Debug|Any CPU
		{6050B831-4F78-43FC-AC50-7106D695451B}.Release|Any CPU.ActiveCfg = Release|Any CPU
		{6050B831-4F78-43FC-AC50-7106D695451B}.Release|Any CPU.Build.0 = Release|Any CPU
		{2B3B5572-ECD8-4E40-B245-684C7B0BEE24}.Debug|Any CPU.ActiveCfg = Debug|Any CPU
		{2B3B5572-ECD8-4E40-B245-684C7B0BEE24}.Debug|Any CPU.Build.0 = Debug|Any CPU
		{2B3B5572-ECD8-4E40-B245-684C7B0BEE24}.Release|Any CPU.ActiveCfg = Release|Any CPU
		{2B3B5572-ECD8-4E40-B245-684C7B0BEE24}.Release|Any CPU.Build.0 = Release|Any CPU
		{9480719A-A134-478D-B33C-7DE6395F5A71}.Debug|Any CPU.ActiveCfg = Debug|Any CPU
		{9480719A-A134-478D-B33C-7DE6395F5A71}.Debug|Any CPU.Build.0 = Debug|Any CPU
		{9480719A-A134-478D-B33C-7DE6395F5A71}.Release|Any CPU.ActiveCfg = Release|Any CPU
		{9480719A-A134-478D-B33C-7DE6395F5A71}.Release|Any CPU.Build.0 = Release|Any CPU
		{69FF2629-33EB-4A34-BF74-20E3753F3209}.Debug|Any CPU.ActiveCfg = Debug|Any CPU
		{69FF2629-33EB-4A34-BF74-20E3753F3209}.Debug|Any CPU.Build.0 = Debug|Any CPU
		{69FF2629-33EB-4A34-BF74-20E3753F3209}.Release|Any CPU.ActiveCfg = Release|Any CPU
		{69FF2629-33EB-4A34-BF74-20E3753F3209}.Release|Any CPU.Build.0 = Release|Any CPU
		{3EB9CAB2-38F3-4359-8A77-18DF31520BDD}.Debug|Any CPU.ActiveCfg = Debug|Any CPU
		{3EB9CAB2-38F3-4359-8A77-18DF31520BDD}.Debug|Any CPU.Build.0 = Debug|Any CPU
		{3EB9CAB2-38F3-4359-8A77-18DF31520BDD}.Release|Any CPU.ActiveCfg = Release|Any CPU
		{3EB9CAB2-38F3-4359-8A77-18DF31520BDD}.Release|Any CPU.Build.0 = Release|Any CPU
		{D6B1CFAD-6800-4A4D-AEE8-6723D5719761}.Debug|Any CPU.ActiveCfg = Debug|Any CPU
		{D6B1CFAD-6800-4A4D-AEE8-6723D5719761}.Debug|Any CPU.Build.0 = Debug|Any CPU
		{D6B1CFAD-6800-4A4D-AEE8-6723D5719761}.Release|Any CPU.ActiveCfg = Release|Any CPU
		{D6B1CFAD-6800-4A4D-AEE8-6723D5719761}.Release|Any CPU.Build.0 = Release|Any CPU
		{CE9F9EDF-CD77-497C-ADFE-A1B7945ADD09}.Debug|Any CPU.ActiveCfg = Debug|Any CPU
		{CE9F9EDF-CD77-497C-ADFE-A1B7945ADD09}.Debug|Any CPU.Build.0 = Debug|Any CPU
		{CE9F9EDF-CD77-497C-ADFE-A1B7945ADD09}.Release|Any CPU.ActiveCfg = Release|Any CPU
		{CE9F9EDF-CD77-497C-ADFE-A1B7945ADD09}.Release|Any CPU.Build.0 = Release|Any CPU
		{4989D71C-C27E-4A3C-AB62-A2833B5A0F47}.Debug|Any CPU.ActiveCfg = Debug|Any CPU
		{4989D71C-C27E-4A3C-AB62-A2833B5A0F47}.Debug|Any CPU.Build.0 = Debug|Any CPU
		{4989D71C-C27E-4A3C-AB62-A2833B5A0F47}.Release|Any CPU.ActiveCfg = Release|Any CPU
		{4989D71C-C27E-4A3C-AB62-A2833B5A0F47}.Release|Any CPU.Build.0 = Release|Any CPU
		{40744E56-4093-4110-95AD-CB4A5AF1E498}.Debug|Any CPU.ActiveCfg = Debug|Any CPU
		{40744E56-4093-4110-95AD-CB4A5AF1E498}.Debug|Any CPU.Build.0 = Debug|Any CPU
		{40744E56-4093-4110-95AD-CB4A5AF1E498}.Release|Any CPU.ActiveCfg = Release|Any CPU
		{40744E56-4093-4110-95AD-CB4A5AF1E498}.Release|Any CPU.Build.0 = Release|Any CPU
		{2DECB422-76C6-4F05-9866-9E04E0B2A295}.Debug|Any CPU.ActiveCfg = Debug|Any CPU
		{2DECB422-76C6-4F05-9866-9E04E0B2A295}.Debug|Any CPU.Build.0 = Debug|Any CPU
		{2DECB422-76C6-4F05-9866-9E04E0B2A295}.Release|Any CPU.ActiveCfg = Release|Any CPU
		{2DECB422-76C6-4F05-9866-9E04E0B2A295}.Release|Any CPU.Build.0 = Release|Any CPU
	EndGlobalSection
	GlobalSection(SolutionProperties) = preSolution
		HideSolutionNode = FALSE
	EndGlobalSection
	GlobalSection(NestedProjects) = preSolution
		{10EDE8C7-E2BE-409F-AD4C-C63DBF6935D6} = {C5615AD5-A611-460F-AF19-95596035B7FA}
		{86D6A373-52A9-48A2-9FB7-2857194263CB} = {C5615AD5-A611-460F-AF19-95596035B7FA}
		{D2D8AC72-2D6F-41CB-892E-8C995428DC01} = {C5615AD5-A611-460F-AF19-95596035B7FA}
		{DA5D17C3-09CE-4337-A949-FFE3C845AAF3} = {C5615AD5-A611-460F-AF19-95596035B7FA}
		{3F16D0D6-CC0A-4796-8655-E5C66EBB547B} = {C5615AD5-A611-460F-AF19-95596035B7FA}
		{1C88D8D0-48EC-4590-B487-4A4A71229548} = {C5615AD5-A611-460F-AF19-95596035B7FA}
		{6050B831-4F78-43FC-AC50-7106D695451B} = {C5615AD5-A611-460F-AF19-95596035B7FA}
		{2B3B5572-ECD8-4E40-B245-684C7B0BEE24} = {E9BCD641-D8F9-4C08-B6F8-7A8F2435EF52}
		{9480719A-A134-478D-B33C-7DE6395F5A71} = {C5615AD5-A611-460F-AF19-95596035B7FA}
		{69FF2629-33EB-4A34-BF74-20E3753F3209} = {C28CAF73-CBBB-4E89-ABB7-F73286B94196}
		{3EB9CAB2-38F3-4359-8A77-18DF31520BDD} = {C28CAF73-CBBB-4E89-ABB7-F73286B94196}
		{D6B1CFAD-6800-4A4D-AEE8-6723D5719761} = {C28CAF73-CBBB-4E89-ABB7-F73286B94196}
		{CE9F9EDF-CD77-497C-ADFE-A1B7945ADD09} = {C28CAF73-CBBB-4E89-ABB7-F73286B94196}
		{4989D71C-C27E-4A3C-AB62-A2833B5A0F47} = {C28CAF73-CBBB-4E89-ABB7-F73286B94196}
		{40744E56-4093-4110-95AD-CB4A5AF1E498} = {C28CAF73-CBBB-4E89-ABB7-F73286B94196}
		{2DECB422-76C6-4F05-9866-9E04E0B2A295} = {E9BCD641-D8F9-4C08-B6F8-7A8F2435EF52}
	EndGlobalSection
	GlobalSection(ExtensibilityGlobals) = postSolution
		SolutionGuid = {CD6FE827-0768-4255-BF22-C8863BDC0F4B}
	EndGlobalSection
EndGlobal
